// !$*UTF8*$!
{
	archiveVersion = 1;
	classes = {
	};
	objectVersion = 50;
	objects = {

/* Begin PBXBuildFile section */
		CC604D4E265162DC0081EF0F /* AppDelegate.swift in Sources */ = {isa = PBXBuildFile; fileRef = CC604D4D265162DC0081EF0F /* AppDelegate.swift */; };
		CC604D50265162DC0081EF0F /* SceneDelegate.swift in Sources */ = {isa = PBXBuildFile; fileRef = CC604D4F265162DC0081EF0F /* SceneDelegate.swift */; };
		CC604D52265162DC0081EF0F /* ViewController.swift in Sources */ = {isa = PBXBuildFile; fileRef = CC604D51265162DC0081EF0F /* ViewController.swift */; };
		CC604D55265162DC0081EF0F /* Main.storyboard in Resources */ = {isa = PBXBuildFile; fileRef = CC604D53265162DC0081EF0F /* Main.storyboard */; };
		CC604D58265162DC0081EF0F /* ToDoList.xcdatamodeld in Sources */ = {isa = PBXBuildFile; fileRef = CC604D56265162DC0081EF0F /* ToDoList.xcdatamodeld */; };
		CC604D5A265162DD0081EF0F /* Assets.xcassets in Resources */ = {isa = PBXBuildFile; fileRef = CC604D59265162DD0081EF0F /* Assets.xcassets */; };
		CC604D5D265162DD0081EF0F /* LaunchScreen.storyboard in Resources */ = {isa = PBXBuildFile; fileRef = CC604D5B265162DD0081EF0F /* LaunchScreen.storyboard */; };
		CC604D68265162DE0081EF0F /* ToDoListTests.swift in Sources */ = {isa = PBXBuildFile; fileRef = CC604D67265162DE0081EF0F /* ToDoListTests.swift */; };
		CC604D73265162DE0081EF0F /* ToDoListUITests.swift in Sources */ = {isa = PBXBuildFile; fileRef = CC604D72265162DE0081EF0F /* ToDoListUITests.swift */; };
		CC604D84265183990081EF0F /* ToDoTableViewController.swift in Sources */ = {isa = PBXBuildFile; fileRef = CC604D83265183990081EF0F /* ToDoTableViewController.swift */; };
		CC604D89265183DE0081EF0F /* ToDo.swift in Sources */ = {isa = PBXBuildFile; fileRef = CC604D88265183DE0081EF0F /* ToDo.swift */; };
		CC604D8E265224AC0081EF0F /* AddToDoViewController.swift in Sources */ = {isa = PBXBuildFile; fileRef = CC604D8D265224AC0081EF0F /* AddToDoViewController.swift */; };
		CC604D93265230AF0081EF0F /* CompleteToDoViewController.swift in Sources */ = {isa = PBXBuildFile; fileRef = CC604D92265230AF0081EF0F /* CompleteToDoViewController.swift */; };
/* End PBXBuildFile section */

/* Begin PBXContainerItemProxy section */
		CC604D64265162DE0081EF0F /* PBXContainerItemProxy */ = {
			isa = PBXContainerItemProxy;
			containerPortal = CC604D42265162DB0081EF0F /* Project object */;
			proxyType = 1;
			remoteGlobalIDString = CC604D49265162DB0081EF0F;
			remoteInfo = ToDoList;
		};
		CC604D6F265162DE0081EF0F /* PBXContainerItemProxy */ = {
			isa = PBXContainerItemProxy;
			containerPortal = CC604D42265162DB0081EF0F /* Project object */;
			proxyType = 1;
			remoteGlobalIDString = CC604D49265162DB0081EF0F;
			remoteInfo = ToDoList;
		};
/* End PBXContainerItemProxy section */

/* Begin PBXFileReference section */
		CC604D4A265162DC0081EF0F /* ToDoList.app */ = {isa = PBXFileReference; explicitFileType = wrapper.application; includeInIndex = 0; path = ToDoList.app; sourceTree = BUILT_PRODUCTS_DIR; };
		CC604D4D265162DC0081EF0F /* AppDelegate.swift */ = {isa = PBXFileReference; lastKnownFileType = sourcecode.swift; path = AppDelegate.swift; sourceTree = "<group>"; };
		CC604D4F265162DC0081EF0F /* SceneDelegate.swift */ = {isa = PBXFileReference; lastKnownFileType = sourcecode.swift; path = SceneDelegate.swift; sourceTree = "<group>"; };
		CC604D51265162DC0081EF0F /* ViewController.swift */ = {isa = PBXFileReference; lastKnownFileType = sourcecode.swift; path = ViewController.swift; sourceTree = "<group>"; };
		CC604D54265162DC0081EF0F /* Base */ = {isa = PBXFileReference; lastKnownFileType = file.storyboard; name = Base; path = Base.lproj/Main.storyboard; sourceTree = "<group>"; };
		CC604D57265162DC0081EF0F /* ToDoList.xcdatamodel */ = {isa = PBXFileReference; lastKnownFileType = wrapper.xcdatamodel; path = ToDoList.xcdatamodel; sourceTree = "<group>"; };
		CC604D59265162DD0081EF0F /* Assets.xcassets */ = {isa = PBXFileReference; lastKnownFileType = folder.assetcatalog; path = Assets.xcassets; sourceTree = "<group>"; };
		CC604D5C265162DD0081EF0F /* Base */ = {isa = PBXFileReference; lastKnownFileType = file.storyboard; name = Base; path = Base.lproj/LaunchScreen.storyboard; sourceTree = "<group>"; };
		CC604D5E265162DD0081EF0F /* Info.plist */ = {isa = PBXFileReference; lastKnownFileType = text.plist.xml; path = Info.plist; sourceTree = "<group>"; };
		CC604D63265162DE0081EF0F /* ToDoListTests.xctest */ = {isa = PBXFileReference; explicitFileType = wrapper.cfbundle; includeInIndex = 0; path = ToDoListTests.xctest; sourceTree = BUILT_PRODUCTS_DIR; };
		CC604D67265162DE0081EF0F /* ToDoListTests.swift */ = {isa = PBXFileReference; lastKnownFileType = sourcecode.swift; path = ToDoListTests.swift; sourceTree = "<group>"; };
		CC604D69265162DE0081EF0F /* Info.plist */ = {isa = PBXFileReference; lastKnownFileType = text.plist.xml; path = Info.plist; sourceTree = "<group>"; };
		CC604D6E265162DE0081EF0F /* ToDoListUITests.xctest */ = {isa = PBXFileReference; explicitFileType = wrapper.cfbundle; includeInIndex = 0; path = ToDoListUITests.xctest; sourceTree = BUILT_PRODUCTS_DIR; };
		CC604D72265162DE0081EF0F /* ToDoListUITests.swift */ = {isa = PBXFileReference; lastKnownFileType = sourcecode.swift; path = ToDoListUITests.swift; sourceTree = "<group>"; };
		CC604D74265162DE0081EF0F /* Info.plist */ = {isa = PBXFileReference; lastKnownFileType = text.plist.xml; path = Info.plist; sourceTree = "<group>"; };
		CC604D83265183990081EF0F /* ToDoTableViewController.swift */ = {isa = PBXFileReference; lastKnownFileType = sourcecode.swift; path = ToDoTableViewController.swift; sourceTree = "<group>"; };
		CC604D88265183DE0081EF0F /* ToDo.swift */ = {isa = PBXFileReference; lastKnownFileType = sourcecode.swift; path = ToDo.swift; sourceTree = "<group>"; };
		CC604D8D265224AC0081EF0F /* AddToDoViewController.swift */ = {isa = PBXFileReference; lastKnownFileType = sourcecode.swift; path = AddToDoViewController.swift; sourceTree = "<group>"; };
		CC604D92265230AF0081EF0F /* CompleteToDoViewController.swift */ = {isa = PBXFileReference; lastKnownFileType = sourcecode.swift; path = CompleteToDoViewController.swift; sourceTree = "<group>"; };
/* End PBXFileReference section */

/* Begin PBXFrameworksBuildPhase section */
		CC604D47265162DB0081EF0F /* Frameworks */ = {
			isa = PBXFrameworksBuildPhase;
			buildActionMask = 2147483647;
			files = (
			);
			runOnlyForDeploymentPostprocessing = 0;
		};
		CC604D60265162DE0081EF0F /* Frameworks */ = {
			isa = PBXFrameworksBuildPhase;
			buildActionMask = 2147483647;
			files = (
			);
			runOnlyForDeploymentPostprocessing = 0;
		};
		CC604D6B265162DE0081EF0F /* Frameworks */ = {
			isa = PBXFrameworksBuildPhase;
			buildActionMask = 2147483647;
			files = (
			);
			runOnlyForDeploymentPostprocessing = 0;
		};
/* End PBXFrameworksBuildPhase section */

/* Begin PBXGroup section */
		CC604D41265162DB0081EF0F = {
			isa = PBXGroup;
			children = (
				CC604D4C265162DC0081EF0F /* ToDoList */,
				CC604D66265162DE0081EF0F /* ToDoListTests */,
				CC604D71265162DE0081EF0F /* ToDoListUITests */,
				CC604D4B265162DC0081EF0F /* Products */,
			);
			sourceTree = "<group>";
		};
		CC604D4B265162DC0081EF0F /* Products */ = {
			isa = PBXGroup;
			children = (
				CC604D4A265162DC0081EF0F /* ToDoList.app */,
				CC604D63265162DE0081EF0F /* ToDoListTests.xctest */,
				CC604D6E265162DE0081EF0F /* ToDoListUITests.xctest */,
			);
			name = Products;
			sourceTree = "<group>";
		};
		CC604D4C265162DC0081EF0F /* ToDoList */ = {
			isa = PBXGroup;
			children = (
				CC604D4D265162DC0081EF0F /* AppDelegate.swift */,
				CC604D4F265162DC0081EF0F /* SceneDelegate.swift */,
				CC604D51265162DC0081EF0F /* ViewController.swift */,
				CC604D53265162DC0081EF0F /* Main.storyboard */,
				CC604D59265162DD0081EF0F /* Assets.xcassets */,
				CC604D5B265162DD0081EF0F /* LaunchScreen.storyboard */,
				CC604D5E265162DD0081EF0F /* Info.plist */,
				CC604D56265162DC0081EF0F /* ToDoList.xcdatamodeld */,
				CC604D83265183990081EF0F /* ToDoTableViewController.swift */,
				CC604D88265183DE0081EF0F /* ToDo.swift */,
				CC604D8D265224AC0081EF0F /* AddToDoViewController.swift */,
				CC604D92265230AF0081EF0F /* CompleteToDoViewController.swift */,
			);
			path = ToDoList;
			sourceTree = "<group>";
		};
		CC604D66265162DE0081EF0F /* ToDoListTests */ = {
			isa = PBXGroup;
			children = (
				CC604D67265162DE0081EF0F /* ToDoListTests.swift */,
				CC604D69265162DE0081EF0F /* Info.plist */,
			);
			path = ToDoListTests;
			sourceTree = "<group>";
		};
		CC604D71265162DE0081EF0F /* ToDoListUITests */ = {
			isa = PBXGroup;
			children = (
				CC604D72265162DE0081EF0F /* ToDoListUITests.swift */,
				CC604D74265162DE0081EF0F /* Info.plist */,
			);
			path = ToDoListUITests;
			sourceTree = "<group>";
		};
/* End PBXGroup section */

/* Begin PBXNativeTarget section */
		CC604D49265162DB0081EF0F /* ToDoList */ = {
			isa = PBXNativeTarget;
			buildConfigurationList = CC604D77265162DE0081EF0F /* Build configuration list for PBXNativeTarget "ToDoList" */;
			buildPhases = (
				CC604D46265162DB0081EF0F /* Sources */,
				CC604D47265162DB0081EF0F /* Frameworks */,
				CC604D48265162DB0081EF0F /* Resources */,
			);
			buildRules = (
			);
			dependencies = (
			);
			name = ToDoList;
			productName = ToDoList;
			productReference = CC604D4A265162DC0081EF0F /* ToDoList.app */;
			productType = "com.apple.product-type.application";
		};
		CC604D62265162DE0081EF0F /* ToDoListTests */ = {
			isa = PBXNativeTarget;
			buildConfigurationList = CC604D7A265162DE0081EF0F /* Build configuration list for PBXNativeTarget "ToDoListTests" */;
			buildPhases = (
				CC604D5F265162DE0081EF0F /* Sources */,
				CC604D60265162DE0081EF0F /* Frameworks */,
				CC604D61265162DE0081EF0F /* Resources */,
			);
			buildRules = (
			);
			dependencies = (
				CC604D65265162DE0081EF0F /* PBXTargetDependency */,
			);
			name = ToDoListTests;
			productName = ToDoListTests;
			productReference = CC604D63265162DE0081EF0F /* ToDoListTests.xctest */;
			productType = "com.apple.product-type.bundle.unit-test";
		};
		CC604D6D265162DE0081EF0F /* ToDoListUITests */ = {
			isa = PBXNativeTarget;
			buildConfigurationList = CC604D7D265162DE0081EF0F /* Build configuration list for PBXNativeTarget "ToDoListUITests" */;
			buildPhases = (
				CC604D6A265162DE0081EF0F /* Sources */,
				CC604D6B265162DE0081EF0F /* Frameworks */,
				CC604D6C265162DE0081EF0F /* Resources */,
			);
			buildRules = (
			);
			dependencies = (
				CC604D70265162DE0081EF0F /* PBXTargetDependency */,
			);
			name = ToDoListUITests;
			productName = ToDoListUITests;
			productReference = CC604D6E265162DE0081EF0F /* ToDoListUITests.xctest */;
			productType = "com.apple.product-type.bundle.ui-testing";
		};
/* End PBXNativeTarget section */

/* Begin PBXProject section */
		CC604D42265162DB0081EF0F /* Project object */ = {
			isa = PBXProject;
			attributes = {
				LastSwiftUpdateCheck = 1240;
				LastUpgradeCheck = 1240;
				TargetAttributes = {
					CC604D49265162DB0081EF0F = {
						CreatedOnToolsVersion = 12.4;
					};
					CC604D62265162DE0081EF0F = {
						CreatedOnToolsVersion = 12.4;
						TestTargetID = CC604D49265162DB0081EF0F;
					};
					CC604D6D265162DE0081EF0F = {
						CreatedOnToolsVersion = 12.4;
						TestTargetID = CC604D49265162DB0081EF0F;
					};
				};
			};
			buildConfigurationList = CC604D45265162DB0081EF0F /* Build configuration list for PBXProject "ToDoList" */;
			compatibilityVersion = "Xcode 9.3";
			developmentRegion = en;
			hasScannedForEncodings = 0;
			knownRegions = (
				en,
				Base,
			);
			mainGroup = CC604D41265162DB0081EF0F;
			productRefGroup = CC604D4B265162DC0081EF0F /* Products */;
			projectDirPath = "";
			projectRoot = "";
			targets = (
				CC604D49265162DB0081EF0F /* ToDoList */,
				CC604D62265162DE0081EF0F /* ToDoListTests */,
				CC604D6D265162DE0081EF0F /* ToDoListUITests */,
			);
		};
/* End PBXProject section */

/* Begin PBXResourcesBuildPhase section */
		CC604D48265162DB0081EF0F /* Resources */ = {
			isa = PBXResourcesBuildPhase;
			buildActionMask = 2147483647;
			files = (
				CC604D5D265162DD0081EF0F /* LaunchScreen.storyboard in Resources */,
				CC604D5A265162DD0081EF0F /* Assets.xcassets in Resources */,
				CC604D55265162DC0081EF0F /* Main.storyboard in Resources */,
			);
			runOnlyForDeploymentPostprocessing = 0;
		};
		CC604D61265162DE0081EF0F /* Resources */ = {
			isa = PBXResourcesBuildPhase;
			buildActionMask = 2147483647;
			files = (
			);
			runOnlyForDeploymentPostprocessing = 0;
		};
		CC604D6C265162DE0081EF0F /* Resources */ = {
			isa = PBXResourcesBuildPhase;
			buildActionMask = 2147483647;
			files = (
			);
			runOnlyForDeploymentPostprocessing = 0;
		};
/* End PBXResourcesBuildPhase section */

/* Begin PBXSourcesBuildPhase section */
		CC604D46265162DB0081EF0F /* Sources */ = {
			isa = PBXSourcesBuildPhase;
			buildActionMask = 2147483647;
			files = (
				CC604D52265162DC0081EF0F /* ViewController.swift in Sources */,
				CC604D4E265162DC0081EF0F /* AppDelegate.swift in Sources */,
				CC604D93265230AF0081EF0F /* CompleteToDoViewController.swift in Sources */,
				CC604D50265162DC0081EF0F /* SceneDelegate.swift in Sources */,
				CC604D89265183DE0081EF0F /* ToDo.swift in Sources */,
				CC604D8E265224AC0081EF0F /* AddToDoViewController.swift in Sources */,
				CC604D58265162DC0081EF0F /* ToDoList.xcdatamodeld in Sources */,
				CC604D84265183990081EF0F /* ToDoTableViewController.swift in Sources */,
			);
			runOnlyForDeploymentPostprocessing = 0;
		};
		CC604D5F265162DE0081EF0F /* Sources */ = {
			isa = PBXSourcesBuildPhase;
			buildActionMask = 2147483647;
			files = (
				CC604D68265162DE0081EF0F /* ToDoListTests.swift in Sources */,
			);
			runOnlyForDeploymentPostprocessing = 0;
		};
		CC604D6A265162DE0081EF0F /* Sources */ = {
			isa = PBXSourcesBuildPhase;
			buildActionMask = 2147483647;
			files = (
				CC604D73265162DE0081EF0F /* ToDoListUITests.swift in Sources */,
			);
			runOnlyForDeploymentPostprocessing = 0;
		};
/* End PBXSourcesBuildPhase section */

/* Begin PBXTargetDependency section */
		CC604D65265162DE0081EF0F /* PBXTargetDependency */ = {
			isa = PBXTargetDependency;
			target = CC604D49265162DB0081EF0F /* ToDoList */;
			targetProxy = CC604D64265162DE0081EF0F /* PBXContainerItemProxy */;
		};
		CC604D70265162DE0081EF0F /* PBXTargetDependency */ = {
			isa = PBXTargetDependency;
			target = CC604D49265162DB0081EF0F /* ToDoList */;
			targetProxy = CC604D6F265162DE0081EF0F /* PBXContainerItemProxy */;
		};
/* End PBXTargetDependency section */

/* Begin PBXVariantGroup section */
		CC604D53265162DC0081EF0F /* Main.storyboard */ = {
			isa = PBXVariantGroup;
			children = (
				CC604D54265162DC0081EF0F /* Base */,
			);
			name = Main.storyboard;
			sourceTree = "<group>";
		};
		CC604D5B265162DD0081EF0F /* LaunchScreen.storyboard */ = {
			isa = PBXVariantGroup;
			children = (
				CC604D5C265162DD0081EF0F /* Base */,
			);
			name = LaunchScreen.storyboard;
			sourceTree = "<group>";
		};
/* End PBXVariantGroup section */

/* Begin XCBuildConfiguration section */
		CC604D75265162DE0081EF0F /* Debug */ = {
			isa = XCBuildConfiguration;
			buildSettings = {
				ALWAYS_SEARCH_USER_PATHS = NO;
				CLANG_ANALYZER_NONNULL = YES;
				CLANG_ANALYZER_NUMBER_OBJECT_CONVERSION = YES_AGGRESSIVE;
				CLANG_CXX_LANGUAGE_STANDARD = "gnu++14";
				CLANG_CXX_LIBRARY = "libc++";
				CLANG_ENABLE_MODULES = YES;
				CLANG_ENABLE_OBJC_ARC = YES;
				CLANG_ENABLE_OBJC_WEAK = YES;
				CLANG_WARN_BLOCK_CAPTURE_AUTORELEASING = YES;
				CLANG_WARN_BOOL_CONVERSION = YES;
				CLANG_WARN_COMMA = YES;
				CLANG_WARN_CONSTANT_CONVERSION = YES;
				CLANG_WARN_DEPRECATED_OBJC_IMPLEMENTATIONS = YES;
				CLANG_WARN_DIRECT_OBJC_ISA_USAGE = YES_ERROR;
				CLANG_WARN_DOCUMENTATION_COMMENTS = YES;
				CLANG_WARN_EMPTY_BODY = YES;
				CLANG_WARN_ENUM_CONVERSION = YES;
				CLANG_WARN_INFINITE_RECURSION = YES;
				CLANG_WARN_INT_CONVERSION = YES;
				CLANG_WARN_NON_LITERAL_NULL_CONVERSION = YES;
				CLANG_WARN_OBJC_IMPLICIT_RETAIN_SELF = YES;
				CLANG_WARN_OBJC_LITERAL_CONVERSION = YES;
				CLANG_WARN_OBJC_ROOT_CLASS = YES_ERROR;
				CLANG_WARN_QUOTED_INCLUDE_IN_FRAMEWORK_HEADER = YES;
				CLANG_WARN_RANGE_LOOP_ANALYSIS = YES;
				CLANG_WARN_STRICT_PROTOTYPES = YES;
				CLANG_WARN_SUSPICIOUS_MOVE = YES;
				CLANG_WARN_UNGUARDED_AVAILABILITY = YES_AGGRESSIVE;
				CLANG_WARN_UNREACHABLE_CODE = YES;
				CLANG_WARN__DUPLICATE_METHOD_MATCH = YES;
				COPY_PHASE_STRIP = NO;
				DEBUG_INFORMATION_FORMAT = dwarf;
				ENABLE_STRICT_OBJC_MSGSEND = YES;
				ENABLE_TESTABILITY = YES;
				GCC_C_LANGUAGE_STANDARD = gnu11;
				GCC_DYNAMIC_NO_PIC = NO;
				GCC_NO_COMMON_BLOCKS = YES;
				GCC_OPTIMIZATION_LEVEL = 0;
				GCC_PREPROCESSOR_DEFINITIONS = (
					"DEBUG=1",
					"$(inherited)",
				);
				GCC_WARN_64_TO_32_BIT_CONVERSION = YES;
				GCC_WARN_ABOUT_RETURN_TYPE = YES_ERROR;
				GCC_WARN_UNDECLARED_SELECTOR = YES;
				GCC_WARN_UNINITIALIZED_AUTOS = YES_AGGRESSIVE;
				GCC_WARN_UNUSED_FUNCTION = YES;
				GCC_WARN_UNUSED_VARIABLE = YES;
				IPHONEOS_DEPLOYMENT_TARGET = 14.4;
				MTL_ENABLE_DEBUG_INFO = INCLUDE_SOURCE;
				MTL_FAST_MATH = YES;
				ONLY_ACTIVE_ARCH = YES;
				SDKROOT = iphoneos;
				SWIFT_ACTIVE_COMPILATION_CONDITIONS = DEBUG;
				SWIFT_OPTIMIZATION_LEVEL = "-Onone";
			};
			name = Debug;
		};
		CC604D76265162DE0081EF0F /* Release */ = {
			isa = XCBuildConfiguration;
			buildSettings = {
				ALWAYS_SEARCH_USER_PATHS = NO;
				CLANG_ANALYZER_NONNULL = YES;
				CLANG_ANALYZER_NUMBER_OBJECT_CONVERSION = YES_AGGRESSIVE;
				CLANG_CXX_LANGUAGE_STANDARD = "gnu++14";
				CLANG_CXX_LIBRARY = "libc++";
				CLANG_ENABLE_MODULES = YES;
				CLANG_ENABLE_OBJC_ARC = YES;
				CLANG_ENABLE_OBJC_WEAK = YES;
				CLANG_WARN_BLOCK_CAPTURE_AUTORELEASING = YES;
				CLANG_WARN_BOOL_CONVERSION = YES;
				CLANG_WARN_COMMA = YES;
				CLANG_WARN_CONSTANT_CONVERSION = YES;
				CLANG_WARN_DEPRECATED_OBJC_IMPLEMENTATIONS = YES;
				CLANG_WARN_DIRECT_OBJC_ISA_USAGE = YES_ERROR;
				CLANG_WARN_DOCUMENTATION_COMMENTS = YES;
				CLANG_WARN_EMPTY_BODY = YES;
				CLANG_WARN_ENUM_CONVERSION = YES;
				CLANG_WARN_INFINITE_RECURSION = YES;
				CLANG_WARN_INT_CONVERSION = YES;
				CLANG_WARN_NON_LITERAL_NULL_CONVERSION = YES;
				CLANG_WARN_OBJC_IMPLICIT_RETAIN_SELF = YES;
				CLANG_WARN_OBJC_LITERAL_CONVERSION = YES;
				CLANG_WARN_OBJC_ROOT_CLASS = YES_ERROR;
				CLANG_WARN_QUOTED_INCLUDE_IN_FRAMEWORK_HEADER = YES;
				CLANG_WARN_RANGE_LOOP_ANALYSIS = YES;
				CLANG_WARN_STRICT_PROTOTYPES = YES;
				CLANG_WARN_SUSPICIOUS_MOVE = YES;
				CLANG_WARN_UNGUARDED_AVAILABILITY = YES_AGGRESSIVE;
				CLANG_WARN_UNREACHABLE_CODE = YES;
				CLANG_WARN__DUPLICATE_METHOD_MATCH = YES;
				COPY_PHASE_STRIP = NO;
				DEBUG_INFORMATION_FORMAT = "dwarf-with-dsym";
				ENABLE_NS_ASSERTIONS = NO;
				ENABLE_STRICT_OBJC_MSGSEND = YES;
				GCC_C_LANGUAGE_STANDARD = gnu11;
				GCC_NO_COMMON_BLOCKS = YES;
				GCC_WARN_64_TO_32_BIT_CONVERSION = YES;
				GCC_WARN_ABOUT_RETURN_TYPE = YES_ERROR;
				GCC_WARN_UNDECLARED_SELECTOR = YES;
				GCC_WARN_UNINITIALIZED_AUTOS = YES_AGGRESSIVE;
				GCC_WARN_UNUSED_FUNCTION = YES;
				GCC_WARN_UNUSED_VARIABLE = YES;
				IPHONEOS_DEPLOYMENT_TARGET = 14.4;
				MTL_ENABLE_DEBUG_INFO = NO;
				MTL_FAST_MATH = YES;
				SDKROOT = iphoneos;
				SWIFT_COMPILATION_MODE = wholemodule;
				SWIFT_OPTIMIZATION_LEVEL = "-O";
				VALIDATE_PRODUCT = YES;
			};
			name = Release;
		};
		CC604D78265162DE0081EF0F /* Debug */ = {
			isa = XCBuildConfiguration;
			buildSettings = {
				ASSETCATALOG_COMPILER_APPICON_NAME = AppIcon;
				ASSETCATALOG_COMPILER_GLOBAL_ACCENT_COLOR_NAME = AccentColor;
				CODE_SIGN_STYLE = Automatic;
				INFOPLIST_FILE = ToDoList/Info.plist;
				LD_RUNPATH_SEARCH_PATHS = (
					"$(inherited)",
					"@executable_path/Frameworks",
				);
				PRODUCT_BUNDLE_IDENTIFIER = KWK.ToDoList;
				PRODUCT_NAME = "$(TARGET_NAME)";
				SWIFT_VERSION = 5.0;
				TARGETED_DEVICE_FAMILY = "1,2";
			};
			name = Debug;
		};
		CC604D79265162DE0081EF0F /* Release */ = {
			isa = XCBuildConfiguration;
			buildSettings = {
				ASSETCATALOG_COMPILER_APPICON_NAME = AppIcon;
				ASSETCATALOG_COMPILER_GLOBAL_ACCENT_COLOR_NAME = AccentColor;
				CODE_SIGN_STYLE = Automatic;
				INFOPLIST_FILE = ToDoList/Info.plist;
				LD_RUNPATH_SEARCH_PATHS = (
					"$(inherited)",
					"@executable_path/Frameworks",
				);
				PRODUCT_BUNDLE_IDENTIFIER = KWK.ToDoList;
				PRODUCT_NAME = "$(TARGET_NAME)";
				SWIFT_VERSION = 5.0;
				TARGETED_DEVICE_FAMILY = "1,2";
			};
			name = Release;
		};
		CC604D7B265162DE0081EF0F /* Debug */ = {
			isa = XCBuildConfiguration;
			buildSettings = {
				ALWAYS_EMBED_SWIFT_STANDARD_LIBRARIES = YES;
				BUNDLE_LOADER = "$(TEST_HOST)";
				CODE_SIGN_STYLE = Automatic;
				INFOPLIST_FILE = ToDoListTests/Info.plist;
				IPHONEOS_DEPLOYMENT_TARGET = 14.4;
				LD_RUNPATH_SEARCH_PATHS = (
					"$(inherited)",
					"@executable_path/Frameworks",
					"@loader_path/Frameworks",
				);
				PRODUCT_BUNDLE_IDENTIFIER = KWK.ToDoListTests;
				PRODUCT_NAME = "$(TARGET_NAME)";
				SWIFT_VERSION = 5.0;
				TARGETED_DEVICE_FAMILY = "1,2";
				TEST_HOST = "$(BUILT_PRODUCTS_DIR)/ToDoList.app/ToDoList";
			};
			name = Debug;
		};
		CC604D7C265162DE0081EF0F /* Release */ = {
			isa = XCBuildConfiguration;
			buildSettings = {
				ALWAYS_EMBED_SWIFT_STANDARD_LIBRARIES = YES;
				BUNDLE_LOADER = "$(TEST_HOST)";
				CODE_SIGN_STYLE = Automatic;
				INFOPLIST_FILE = ToDoListTests/Info.plist;
				IPHONEOS_DEPLOYMENT_TARGET = 14.4;
				LD_RUNPATH_SEARCH_PATHS = (
					"$(inherited)",
					"@executable_path/Frameworks",
					"@loader_path/Frameworks",
				);
				PRODUCT_BUNDLE_IDENTIFIER = KWK.ToDoListTests;
				PRODUCT_NAME = "$(TARGET_NAME)";
				SWIFT_VERSION = 5.0;
				TARGETED_DEVICE_FAMILY = "1,2";
				TEST_HOST = "$(BUILT_PRODUCTS_DIR)/ToDoList.app/ToDoList";
			};
			name = Release;
		};
		CC604D7E265162DE0081EF0F /* Debug */ = {
			isa = XCBuildConfiguration;
			buildSettings = {
				ALWAYS_EMBED_SWIFT_STANDARD_LIBRARIES = YES;
				CODE_SIGN_STYLE = Automatic;
				INFOPLIST_FILE = ToDoListUITests/Info.plist;
				LD_RUNPATH_SEARCH_PATHS = (
					"$(inherited)",
					"@executable_path/Frameworks",
					"@loader_path/Frameworks",
				);
				PRODUCT_BUNDLE_IDENTIFIER = KWK.ToDoListUITests;
				PRODUCT_NAME = "$(TARGET_NAME)";
				SWIFT_VERSION = 5.0;
				TARGETED_DEVICE_FAMILY = "1,2";
				TEST_TARGET_NAME = ToDoList;
			};
			name = Debug;
		};
		CC604D7F265162DE0081EF0F /* Release */ = {
			isa = XCBuildConfiguration;
			buildSettings = {
				ALWAYS_EMBED_SWIFT_STANDARD_LIBRARIES = YES;
				CODE_SIGN_STYLE = Automatic;
				INFOPLIST_FILE = ToDoListUITests/Info.plist;
				LD_RUNPATH_SEARCH_PATHS = (
					"$(inherited)",
					"@executable_path/Frameworks",
					"@loader_path/Frameworks",
				);
				PRODUCT_BUNDLE_IDENTIFIER = KWK.ToDoListUITests;
				PRODUCT_NAME = "$(TARGET_NAME)";
				SWIFT_VERSION = 5.0;
				TARGETED_DEVICE_FAMILY = "1,2";
				TEST_TARGET_NAME = ToDoList;
			};
			name = Release;
		};
/* End XCBuildConfiguration section */

/* Begin XCConfigurationList section */
		CC604D45265162DB0081EF0F /* Build configuration list for PBXProject "ToDoList" */ = {
			isa = XCConfigurationList;
			buildConfigurations = (
				CC604D75265162DE0081EF0F /* Debug */,
				CC604D76265162DE0081EF0F /* Release */,
			);
			defaultConfigurationIsVisible = 0;
			defaultConfigurationName = Release;
		};
		CC604D77265162DE0081EF0F /* Build configuration list for PBXNativeTarget "ToDoList" */ = {
			isa = XCConfigurationList;
			buildConfigurations = (
				CC604D78265162DE0081EF0F /* Debug */,
				CC604D79265162DE0081EF0F /* Release */,
			);
			defaultConfigurationIsVisible = 0;
			defaultConfigurationName = Release;
		};
		CC604D7A265162DE0081EF0F /* Build configuration list for PBXNativeTarget "ToDoListTests" */ = {
			isa = XCConfigurationList;
			buildConfigurations = (
				CC604D7B265162DE0081EF0F /* Debug */,
				CC604D7C265162DE0081EF0F /* Release */,
			);
			defaultConfigurationIsVisible = 0;
			defaultConfigurationName = Release;
		};
		CC604D7D265162DE0081EF0F /* Build configuration list for PBXNativeTarget "ToDoListUITests" */ = {
			isa = XCConfigurationList;
			buildConfigurations = (
				CC604D7E265162DE0081EF0F /* Debug */,
				CC604D7F265162DE0081EF0F /* Release */,
			);
			defaultConfigurationIsVisible = 0;
			defaultConfigurationName = Release;
		};
/* End XCConfigurationList section */

/* Begin XCVersionGroup section */
		CC604D56265162DC0081EF0F /* ToDoList.xcdatamodeld */ = {
			isa = XCVersionGroup;
			children = (
				CC604D57265162DC0081EF0F /* ToDoList.xcdatamodel */,
			);
			currentVersion = CC604D57265162DC0081EF0F /* ToDoList.xcdatamodel */;
			path = ToDoList.xcdatamodeld;
			sourceTree = "<group>";
			versionGroupType = wrapper.xcdatamodel;
		};
/* End XCVersionGroup section */
	};
	rootObject = CC604D42265162DB0081EF0F /* Project object */;
}
